
Microsoft Visual Studio Solution File, Format Version 12.00
# Visual Studio 2012
Project("{FAE04EC0-301F-11D3-BF4B-00C04F79EFBC}") = "MongoDB.Session", "MongoDB.Session\MongoDB.Session.csproj", "{CF8D1564-EA5F-4F10-AC2C-7F129E75E3D9}"
EndProject
Global
	GlobalSection(SolutionConfigurationPlatforms) = preSolution
		Debug|Any CPU = Debug|Any CPU
		Release|Any CPU = Release|Any CPU
	EndGlobalSection
	GlobalSection(ProjectConfigurationPlatforms) = postSolution
		{CF8D1564-EA5F-4F10-AC2C-7F129E75E3D9}.Debug|Any CPU.ActiveCfg = Debug|Any CPU
		{CF8D1564-EA5F-4F10-AC2C-7F129E75E3D9}.Debug|Any CPU.Build.0 = Debug|Any CPU
		{CF8D1564-EA5F-4F10-AC2C-7F129E75E3D9}.Release|Any CPU.ActiveCfg = Release|Any CPU
		{CF8D1564-EA5F-4F10-AC2C-7F129E75E3D9}.Release|Any CPU.Build.0 = Release|Any CPU
	EndGlobalSection
	GlobalSection(SolutionProperties) = preSolution
		HideSolutionNode = FALSE
	EndGlobalSection
EndGlobal
